// !$*UTF8*$!
{
	archiveVersion = 1;
	classes = {
	};
	objectVersion = 46;
	objects = {

/* Begin PBXBuildFile section */
		45ED509E1CB2695E00EC86D2 /* main.m in Sources */ = {isa = PBXBuildFile; fileRef = 45ED509D1CB2695E00EC86D2 /* main.m */; };
		45ED50A11CB2695E00EC86D2 /* AppDelegate.m in Sources */ = {isa = PBXBuildFile; fileRef = 45ED50A01CB2695E00EC86D2 /* AppDelegate.m */; };
		45ED50A41CB2695E00EC86D2 /* ViewController.m in Sources */ = {isa = PBXBuildFile; fileRef = 45ED50A31CB2695E00EC86D2 /* ViewController.m */; };
		45ED50A71CB2695E00EC86D2 /* Main.storyboard in Resources */ = {isa = PBXBuildFile; fileRef = 45ED50A51CB2695E00EC86D2 /* Main.storyboard */; };
		45ED50A91CB2695E00EC86D2 /* Assets.xcassets in Resources */ = {isa = PBXBuildFile; fileRef = 45ED50A81CB2695E00EC86D2 /* Assets.xcassets */; };
		45ED50AC1CB2695E00EC86D2 /* LaunchScreen.storyboard in Resources */ = {isa = PBXBuildFile; fileRef = 45ED50AA1CB2695E00EC86D2 /* LaunchScreen.storyboard */; };
		45ED50B81CB26A3E00EC86D2 /* brown.png in Resources */ = {isa = PBXBuildFile; fileRef = 45ED50B41CB26A3E00EC86D2 /* brown.png */; };
		45ED50B91CB26A3E00EC86D2 /* green.png in Resources */ = {isa = PBXBuildFile; fileRef = 45ED50B51CB26A3E00EC86D2 /* green.png */; };
		45ED50BA1CB26A3E00EC86D2 /* red.png in Resources */ = {isa = PBXBuildFile; fileRef = 45ED50B61CB26A3E00EC86D2 /* red.png */; };
		45ED50BB1CB26A3E00EC86D2 /* violet.png in Resources */ = {isa = PBXBuildFile; fileRef = 45ED50B71CB26A3E00EC86D2 /* violet.png */; };
/* End PBXBuildFile section */

/* Begin PBXFileReference section */
		45ED50991CB2695E00EC86D2 /* StarField.app */ = {isa = PBXFileReference; explicitFileType = wrapper.application; includeInIndex = 0; path = StarField.app; sourceTree = BUILT_PRODUCTS_DIR; };
		45ED509D1CB2695E00EC86D2 /* main.m */ = {isa = PBXFileReference; lastKnownFileType = sourcecode.c.objc; path = main.m; sourceTree = "<group>"; };
		45ED509F1CB2695E00EC86D2 /* AppDelegate.h */ = {isa = PBXFileReference; lastKnownFileType = sourcecode.c.h; path = AppDelegate.h; sourceTree = "<group>"; };
		45ED50A01CB2695E00EC86D2 /* AppDelegate.m */ = {isa = PBXFileReference; lastKnownFileType = sourcecode.c.objc; path = AppDelegate.m; sourceTree = "<group>"; };
		45ED50A21CB2695E00EC86D2 /* ViewController.h */ = {isa = PBXFileReference; lastKnownFileType = sourcecode.c.h; path = ViewController.h; sourceTree = "<group>"; };
		45ED50A31CB2695E00EC86D2 /* ViewController.m */ = {isa = PBXFileReference; lastKnownFileType = sourcecode.c.objc; path = ViewController.m; sourceTree = "<group>"; };
		45ED50A61CB2695E00EC86D2 /* Base */ = {isa = PBXFileReference; lastKnownFileType = file.storyboard; name = Base; path = Base.lproj/Main.storyboard; sourceTree = "<group>"; };
		45ED50A81CB2695E00EC86D2 /* Assets.xcassets */ = {isa = PBXFileReference; lastKnownFileType = folder.assetcatalog; path = Assets.xcassets; sourceTree = "<group>"; };
		45ED50AB1CB2695E00EC86D2 /* Base */ = {isa = PBXFileReference; lastKnownFileType = file.storyboard; name = Base; path = Base.lproj/LaunchScreen.storyboard; sourceTree = "<group>"; };
		45ED50AD1CB2695E00EC86D2 /* Info.plist */ = {isa = PBXFileReference; lastKnownFileType = text.plist.xml; path = Info.plist; sourceTree = "<group>"; };
		45ED50B41CB26A3E00EC86D2 /* brown.png */ = {isa = PBXFileReference; lastKnownFileType = image.png; path = brown.png; sourceTree = "<group>"; };
		45ED50B51CB26A3E00EC86D2 /* green.png */ = {isa = PBXFileReference; lastKnownFileType = image.png; path = green.png; sourceTree = "<group>"; };
		45ED50B61CB26A3E00EC86D2 /* red.png */ = {isa = PBXFileReference; lastKnownFileType = image.png; path = red.png; sourceTree = "<group>"; };
		45ED50B71CB26A3E00EC86D2 /* violet.png */ = {isa = PBXFileReference; lastKnownFileType = image.png; path = violet.png; sourceTree = "<group>"; };
/* End PBXFileReference section */

/* Begin PBXFrameworksBuildPhase section */
		45ED50961CB2695E00EC86D2 /* Frameworks */ = {
			isa = PBXFrameworksBuildPhase;
			buildActionMask = 2147483647;
			files = (
			);
			runOnlyForDeploymentPostprocessing = 0;
		};
/* End PBXFrameworksBuildPhase section */

/* Begin PBXGroup section */
		45ED50901CB2695E00EC86D2 = {
			isa = PBXGroup;
			children = (
				45ED509B1CB2695E00EC86D2 /* StarField */,
				45ED509A1CB2695E00EC86D2 /* Products */,
			);
			sourceTree = "<group>";
		};
		45ED509A1CB2695E00EC86D2 /* Products */ = {
			isa = PBXGroup;
			children = (
				45ED50991CB2695E00EC86D2 /* StarField.app */,
			);
			name = Products;
			sourceTree = "<group>";
		};
		45ED509B1CB2695E00EC86D2 /* StarField */ = {
			isa = PBXGroup;
			children = (
				45ED50B31CB26A3300EC86D2 /* images */,
				45ED509F1CB2695E00EC86D2 /* AppDelegate.h */,
				45ED50A01CB2695E00EC86D2 /* AppDelegate.m */,
				45ED50A21CB2695E00EC86D2 /* ViewController.h */,
				45ED50A31CB2695E00EC86D2 /* ViewController.m */,
				45ED50A51CB2695E00EC86D2 /* Main.storyboard */,
				45ED50A81CB2695E00EC86D2 /* Assets.xcassets */,
				45ED50AA1CB2695E00EC86D2 /* LaunchScreen.storyboard */,
				45ED50AD1CB2695E00EC86D2 /* Info.plist */,
				45ED509C1CB2695E00EC86D2 /* Supporting Files */,
			);
			path = StarField;
			sourceTree = "<group>";
		};
		45ED509C1CB2695E00EC86D2 /* Supporting Files */ = {
			isa = PBXGroup;
			children = (
				45ED509D1CB2695E00EC86D2 /* main.m */,
			);
			name = "Supporting Files";
			sourceTree = "<group>";
		};
		45ED50B31CB26A3300EC86D2 /* images */ = {
			isa = PBXGroup;
			children = (
				45ED50B41CB26A3E00EC86D2 /* brown.png */,
				45ED50B51CB26A3E00EC86D2 /* green.png */,
				45ED50B61CB26A3E00EC86D2 /* red.png */,
				45ED50B71CB26A3E00EC86D2 /* violet.png */,
			);
			name = images;
			sourceTree = "<group>";
		};
/* End PBXGroup section */

/* Begin PBXNativeTarget section */
		45ED50981CB2695E00EC86D2 /* StarField */ = {
			isa = PBXNativeTarget;
			buildConfigurationList = 45ED50B01CB2695E00EC86D2 /* Build configuration list for PBXNativeTarget "StarField" */;
			buildPhases = (
				45ED50951CB2695E00EC86D2 /* Sources */,
				45ED50961CB2695E00EC86D2 /* Frameworks */,
				45ED50971CB2695E00EC86D2 /* Resources */,
			);
			buildRules = (
			);
			dependencies = (
			);
			name = StarField;
			productName = StarField;
			productReference = 45ED50991CB2695E00EC86D2 /* StarField.app */;
			productType = "com.apple.product-type.application";
		};
/* End PBXNativeTarget section */

/* Begin PBXProject section */
		45ED50911CB2695E00EC86D2 /* Project object */ = {
			isa = PBXProject;
			attributes = {
				LastUpgradeCheck = 0720;
				ORGANIZATIONNAME = "Tin Blanc";
				TargetAttributes = {
					45ED50981CB2695E00EC86D2 = {
						CreatedOnToolsVersion = 7.2;
						DevelopmentTeam = 6TY8547B3M;
					};
				};
			};
			buildConfigurationList = 45ED50941CB2695E00EC86D2 /* Build configuration list for PBXProject "StarField" */;
			compatibilityVersion = "Xcode 3.2";
			developmentRegion = English;
			hasScannedForEncodings = 0;
			knownRegions = (
				en,
				Base,
			);
			mainGroup = 45ED50901CB2695E00EC86D2;
			productRefGroup = 45ED509A1CB2695E00EC86D2 /* Products */;
			projectDirPath = "";
			projectRoot = "";
			targets = (
				45ED50981CB2695E00EC86D2 /* StarField */,
			);
		};
/* End PBXProject section */

/* Begin PBXResourcesBuildPhase section */
		45ED50971CB2695E00EC86D2 /* Resources */ = {
			isa = PBXResourcesBuildPhase;
			buildActionMask = 2147483647;
			files = (
				45ED50B81CB26A3E00EC86D2 /* brown.png in Resources */,
				45ED50AC1CB2695E00EC86D2 /* LaunchScreen.storyboard in Resources */,
				45ED50B91CB26A3E00EC86D2 /* green.png in Resources */,
				45ED50BA1CB26A3E00EC86D2 /* red.png in Resources */,
				45ED50BB1CB26A3E00EC86D2 /* violet.png in Resources */,
				45ED50A91CB2695E00EC86D2 /* Assets.xcassets in Resources */,
				45ED50A71CB2695E00EC86D2 /* Main.storyboard in Resources */,
			);
			runOnlyForDeploymentPostprocessing = 0;
		};
/* End PBXResourcesBuildPhase section */

/* Begin PBXSourcesBuildPhase section */
		45ED50951CB2695E00EC86D2 /* Sources */ = {
			isa = PBXSourcesBuildPhase;
			buildActionMask = 2147483647;
			files = (
				45ED50A41CB2695E00EC86D2 /* ViewController.m in Sources */,
				45ED50A11CB2695E00EC86D2 /* AppDelegate.m in Sources */,
				45ED509E1CB2695E00EC86D2 /* main.m in Sources */,
			);
			runOnlyForDeploymentPostprocessing = 0;
		};
/* End PBXSourcesBuildPhase section */

/* Begin PBXVariantGroup section */
		45ED50A51CB2695E00EC86D2 /* Main.storyboard */ = {
			isa = PBXVariantGroup;
			children = (
				45ED50A61CB2695E00EC86D2 /* Base */,
			);
			name = Main.storyboard;
			sourceTree = "<group>";
		};
		45ED50AA1CB2695E00EC86D2 /* LaunchScreen.storyboard */ = {
			isa = PBXVariantGroup;
			children = (
				45ED50AB1CB2695E00EC86D2 /* Base */,
			);
			name = LaunchScreen.storyboard;
			sourceTree = "<group>";
		};
/* End PBXVariantGroup section */

/* Begin XCBuildConfiguration section */
		45ED50AE1CB2695E00EC86D2 /* Debug */ = {
			isa = XCBuildConfiguration;
			buildSettings = {
				ALWAYS_SEARCH_USER_PATHS = NO;
				CLANG_CXX_LANGUAGE_STANDARD = "gnu++0x";
				CLANG_CXX_LIBRARY = "libc++";
				CLANG_ENABLE_MODULES = YES;
				CLANG_ENABLE_OBJC_ARC = YES;
				CLANG_WARN_BOOL_CONVERSION = YES;
				CLANG_WARN_CONSTANT_CONVERSION = YES;
				CLANG_WARN_DIRECT_OBJC_ISA_USAGE = YES_ERROR;
				CLANG_WARN_EMPTY_BODY = YES;
				CLANG_WARN_ENUM_CONVERSION = YES;
				CLANG_WARN_INT_CONVERSION = YES;
				CLANG_WARN_OBJC_ROOT_CLASS = YES_ERROR;
				CLANG_WARN_UNREACHABLE_CODE = YES;
				CLANG_WARN__DUPLICATE_METHOD_MATCH = YES;
				"CODE_SIGN_IDENTITY[sdk=iphoneos*]" = "iPhone Developer";
				COPY_PHASE_STRIP = NO;
				DEBUG_INFORMATION_FORMAT = dwarf;
				ENABLE_STRICT_OBJC_MSGSEND = YES;
				ENABLE_TESTABILITY = YES;
				GCC_C_LANGUAGE_STANDARD = gnu99;
				GCC_DYNAMIC_NO_PIC = NO;
				GCC_NO_COMMON_BLOCKS = YES;
				GCC_OPTIMIZATION_LEVEL = 0;
				GCC_PREPROCESSOR_DEFINITIONS = (
					"DEBUG=1",
					"$(inherited)",
				);
				GCC_WARN_64_TO_32_BIT_CONVERSION = YES;
				GCC_WARN_ABOUT_RETURN_TYPE = YES_ERROR;
				GCC_WARN_UNDECLARED_SELECTOR = YES;
				GCC_WARN_UNINITIALIZED_AUTOS = YES_AGGRESSIVE;
				GCC_WARN_UNUSED_FUNCTION = YES;
				GCC_WARN_UNUSED_VARIABLE = YES;
				IPHONEOS_DEPLOYMENT_TARGET = 9.2;
				MTL_ENABLE_DEBUG_INFO = YES;
				ONLY_ACTIVE_ARCH = YES;
				SDKROOT = iphoneos;
			};
			name = Debug;
		};
		45ED50AF1CB2695E00EC86D2 /* Release */ = {
			isa = XCBuildConfiguration;
			buildSettings = {
				ALWAYS_SEARCH_USER_PATHS = NO;
				CLANG_CXX_LANGUAGE_STANDARD = "gnu++0x";
				CLANG_CXX_LIBRARY = "libc++";
				CLANG_ENABLE_MODULES = YES;
				CLANG_ENABLE_OBJC_ARC = YES;
				CLANG_WARN_BOOL_CONVERSION = YES;
				CLANG_WARN_CONSTANT_CONVERSION = YES;
				CLANG_WARN_DIRECT_OBJC_ISA_USAGE = YES_ERROR;
				CLANG_WARN_EMPTY_BODY = YES;
				CLANG_WARN_ENUM_CONVERSION = YES;
				CLANG_WARN_INT_CONVERSION = YES;
				CLANG_WARN_OBJC_ROOT_CLASS = YES_ERROR;
				CLANG_WARN_UNREACHABLE_CODE = YES;
				CLANG_WARN__DUPLICATE_METHOD_MATCH = YES;
				"CODE_SIGN_IDENTITY[sdk=iphoneos*]" = "iPhone Developer";
				COPY_PHASE_STRIP = NO;
				DEBUG_INFORMATION_FORMAT = "dwarf-with-dsym";
				ENABLE_NS_ASSERTIONS = NO;
				ENABLE_STRICT_OBJC_MSGSEND = YES;
				GCC_C_LANGUAGE_STANDARD = gnu99;
				GCC_NO_COMMON_BLOCKS = YES;
				GCC_WARN_64_TO_32_BIT_CONVERSION = YES;
				GCC_WARN_ABOUT_RETURN_TYPE = YES_ERROR;
				GCC_WARN_UNDECLARED_SELECTOR = YES;
				GCC_WARN_UNINITIALIZED_AUTOS = YES_AGGRESSIVE;
				GCC_WARN_UNUSED_FUNCTION = YES;
				GCC_WARN_UNUSED_VARIABLE = YES;
				IPHONEOS_DEPLOYMENT_TARGET = 9.2;
				MTL_ENABLE_DEBUG_INFO = NO;
				SDKROOT = iphoneos;
				VALIDATE_PRODUCT = YES;
			};
			name = Release;
		};
		45ED50B11CB2695E00EC86D2 /* Debug */ = {
			isa = XCBuildConfiguration;
			buildSettings = {
				ASSETCATALOG_COMPILER_APPICON_NAME = AppIcon;
				INFOPLIST_FILE = StarField/Info.plist;
				LD_RUNPATH_SEARCH_PATHS = "$(inherited) @executable_path/Frameworks";
				PRODUCT_BUNDLE_IDENTIFIER = vn.techmaster.StarField;
				PRODUCT_NAME = "$(TARGET_NAME)";
			};
			name = Debug;
		};
		45ED50B21CB2695E00EC86D2 /* Release */ = {
			isa = XCBuildConfiguration;
			buildSettings = {
				ASSETCATALOG_COMPILER_APPICON_NAME = AppIcon;
				INFOPLIST_FILE = StarField/Info.plist;
				LD_RUNPATH_SEARCH_PATHS = "$(inherited) @executable_path/Frameworks";
				PRODUCT_BUNDLE_IDENTIFIER = vn.techmaster.StarField;
				PRODUCT_NAME = "$(TARGET_NAME)";
			};
			name = Release;
		};
/* End XCBuildConfiguration section */

/* Begin XCConfigurationList section */
		45ED50941CB2695E00EC86D2 /* Build configuration list for PBXProject "StarField" */ = {
			isa = XCConfigurationList;
			buildConfigurations = (
				45ED50AE1CB2695E00EC86D2 /* Debug */,
				45ED50AF1CB2695E00EC86D2 /* Release */,
			);
			defaultConfigurationIsVisible = 0;
			defaultConfigurationName = Release;
		};
		45ED50B01CB2695E00EC86D2 /* Build configuration list for PBXNativeTarget "StarField" */ = {
			isa = XCConfigurationList;
			buildConfigurations = (
				45ED50B11CB2695E00EC86D2 /* Debug */,
				45ED50B21CB2695E00EC86D2 /* Release */,
			);
			defaultConfigurationIsVisible = 0;
		};
/* End XCConfigurationList section */
	};
	rootObject = 45ED50911CB2695E00EC86D2 /* Project object */;
}
